
Microsoft Visual Studio Solution File, Format Version 12.00
# Visual Studio 2013
VisualStudioVersion = 12.0.21005.1
MinimumVisualStudioVersion = 10.0.40219.1
Project("{FAE04EC0-301F-11D3-BF4B-00C04F79EFBC}") = "WebApp", "WebApp\WebApp.csproj", "{AF71E4CF-3054-4BD6-9397-EAE1C40D614D}"
EndProject
Global
	GlobalSection(SolutionConfigurationPlatforms) = preSolution
		Debug|Any CPU = Debug|Any CPU
		Release|Any CPU = Release|Any CPU
	EndGlobalSection
	GlobalSection(ProjectConfigurationPlatforms) = postSolution
		{AF71E4CF-3054-4BD6-9397-EAE1C40D614D}.Debug|Any CPU.ActiveCfg = Debug|Any CPU
		{AF71E4CF-3054-4BD6-9397-EAE1C40D614D}.Debug|Any CPU.Build.0 = Debug|Any CPU
		{AF71E4CF-3054-4BD6-9397-EAE1C40D614D}.Release|Any CPU.ActiveCfg = Release|Any CPU
		{AF71E4CF-3054-4BD6-9397-EAE1C40D614D}.Release|Any CPU.Build.0 = Release|Any CPU
	EndGlobalSection
	GlobalSection(SolutionProperties) = preSolution
		HideSolutionNode = FALSE
	EndGlobalSection
EndGlobal
